
Microsoft Visual Studio Solution File, Format Version 12.00
# Visual Studio Version 16
VisualStudioVersion = 16.0.30523.141
MinimumVisualStudioVersion = 10.0.40219.1
Project("{FAE04EC0-301F-11D3-BF4B-00C04F79EFBC}") = "MISA.Core", "MISA.Core\MISA.Core.csproj", "{22F98216-07EC-4E8D-9C76-AE3537223DD4}"
EndProject
Project("{FAE04EC0-301F-11D3-BF4B-00C04F79EFBC}") = "MISA.Infrastructure", "MISA.Infrastructure\MISA.Infrastructure.csproj", "{8AEB215D-6743-4905-AE9D-E873448FA9F6}"
EndProject
Project("{FAE04EC0-301F-11D3-BF4B-00C04F79EFBC}") = "MISA.CukCuk.Api", "MISA.CukCuk.Api\MISA.CukCuk.Api.csproj", "{9FCC7114-093E-4FF7-8A71-A98B8F196327}"
EndProject
Global
	GlobalSection(SolutionConfigurationPlatforms) = preSolution
		Debug|Any CPU = Debug|Any CPU
		Release|Any CPU = Release|Any CPU
	EndGlobalSection
	GlobalSection(ProjectConfigurationPlatforms) = postSolution
		{22F98216-07EC-4E8D-9C76-AE3537223DD4}.Debug|Any CPU.ActiveCfg = Debug|Any CPU
		{22F98216-07EC-4E8D-9C76-AE3537223DD4}.Debug|Any CPU.Build.0 = Debug|Any CPU
		{22F98216-07EC-4E8D-9C76-AE3537223DD4}.Release|Any CPU.ActiveCfg = Release|Any CPU
		{22F98216-07EC-4E8D-9C76-AE3537223DD4}.Release|Any CPU.Build.0 = Release|Any CPU
		{8AEB215D-6743-4905-AE9D-E873448FA9F6}.Debug|Any CPU.ActiveCfg = Debug|Any CPU
		{8AEB215D-6743-4905-AE9D-E873448FA9F6}.Debug|Any CPU.Build.0 = Debug|Any CPU
		{8AEB215D-6743-4905-AE9D-E873448FA9F6}.Release|Any CPU.ActiveCfg = Release|Any CPU
		{8AEB215D-6743-4905-AE9D-E873448FA9F6}.Release|Any CPU.Build.0 = Release|Any CPU
		{9FCC7114-093E-4FF7-8A71-A98B8F196327}.Debug|Any CPU.ActiveCfg = Debug|Any CPU
		{9FCC7114-093E-4FF7-8A71-A98B8F196327}.Debug|Any CPU.Build.0 = Debug|Any CPU
		{9FCC7114-093E-4FF7-8A71-A98B8F196327}.Release|Any CPU.ActiveCfg = Release|Any CPU
		{9FCC7114-093E-4FF7-8A71-A98B8F196327}.Release|Any CPU.Build.0 = Release|Any CPU
	EndGlobalSection
	GlobalSection(SolutionProperties) = preSolution
		HideSolutionNode = FALSE
	EndGlobalSection
	GlobalSection(ExtensibilityGlobals) = postSolution
		SolutionGuid = {BAABF71E-64D6-44E6-B507-74EB1C68F45D}
	EndGlobalSection
EndGlobal
